Microsoft Visual Studio Solution File, Format Version 7.00
Project("{FAE04EC0-301F-11D3-BF4B-00C04F79EFBC}") = "ConnPoolDesign", "ConnPoolDesign.csproj", "{DEEE845F-8219-11D6-8EE2-0001020AB003}"
EndProject
Global
	GlobalSection(SolutionConfiguration) = preSolution
		ConfigName.0 = Debug
		ConfigName.1 = Release
	EndGlobalSection
	GlobalSection(ProjectDependencies) = postSolution
	EndGlobalSection
	GlobalSection(ProjectConfiguration) = postSolution
		{DEEE845F-8219-11D6-8EE2-0001020AB003}.Debug.ActiveCfg = Debug|.NET
		{DEEE845F-8219-11D6-8EE2-0001020AB003}.Debug.Build.0 = Debug|.NET
		{DEEE845F-8219-11D6-8EE2-0001020AB003}.Release.ActiveCfg = Release|.NET
		{DEEE845F-8219-11D6-8EE2-0001020AB003}.Release.Build.0 = Release|.NET
	EndGlobalSection
	GlobalSection(ExtensibilityGlobals) = postSolution
	EndGlobalSection
	GlobalSection(ExtensibilityAddIns) = postSolution
	EndGlobalSection
EndGlobal
